
Microsoft Visual Studio Solution File, Format Version 12.00
# Visual Studio Version 16
VisualStudioVersion = 16.0.29613.14
MinimumVisualStudioVersion = 10.0.40219.1
Project("{FAE04EC0-301F-11D3-BF4B-00C04F79EFBC}") = "Konsol Uygulaması", "Konsol Uygulaması.csproj", "{05D97112-1750-49C6-AC30-0708D0562DDD}"
EndProject
Global
	GlobalSection(SolutionConfigurationPlatforms) = preSolution
		Debug|Any CPU = Debug|Any CPU
		Release|Any CPU = Release|Any CPU
	EndGlobalSection
	GlobalSection(ProjectConfigurationPlatforms) = postSolution
		{05D97112-1750-49C6-AC30-0708D0562DDD}.Debug|Any CPU.ActiveCfg = Debug|Any CPU
		{05D97112-1750-49C6-AC30-0708D0562DDD}.Debug|Any CPU.Build.0 = Debug|Any CPU
		{05D97112-1750-49C6-AC30-0708D0562DDD}.Release|Any CPU.ActiveCfg = Release|Any CPU
		{05D97112-1750-49C6-AC30-0708D0562DDD}.Release|Any CPU.Build.0 = Release|Any CPU
	EndGlobalSection
	GlobalSection(SolutionProperties) = preSolution
		HideSolutionNode = FALSE
	EndGlobalSection
	GlobalSection(ExtensibilityGlobals) = postSolution
		SolutionGuid = {5A43D1B9-DA0B-4272-A2EC-A1A49969E9FD}
	EndGlobalSection
EndGlobal
